// !$*UTF8*$!
{
	archiveVersion = 1;
	classes = {
	};
	objectVersion = 50;
	objects = {

/* Begin PBXBuildFile section */
		19034A3420E9251D00510B3E /* AppDelegate.swift in Sources */ = {isa = PBXBuildFile; fileRef = 19034A3320E9251D00510B3E /* AppDelegate.swift */; };
		19034A3620E9251D00510B3E /* ViewController.swift in Sources */ = {isa = PBXBuildFile; fileRef = 19034A3520E9251D00510B3E /* ViewController.swift */; };
		19034A3920E9251D00510B3E /* Main.storyboard in Resources */ = {isa = PBXBuildFile; fileRef = 19034A3720E9251D00510B3E /* Main.storyboard */; };
		19034A3B20E9251E00510B3E /* Assets.xcassets in Resources */ = {isa = PBXBuildFile; fileRef = 19034A3A20E9251E00510B3E /* Assets.xcassets */; };
		19034A3E20E9251E00510B3E /* LaunchScreen.storyboard in Resources */ = {isa = PBXBuildFile; fileRef = 19034A3C20E9251E00510B3E /* LaunchScreen.storyboard */; };
		19034A4C20E92FB600510B3E /* ReplayKit.framework in Frameworks */ = {isa = PBXBuildFile; fileRef = 19034A4B20E92FB600510B3E /* ReplayKit.framework */; };
		19034A4F20E92FB600510B3E /* SampleHandler.swift in Sources */ = {isa = PBXBuildFile; fileRef = 19034A4E20E92FB600510B3E /* SampleHandler.swift */; };
		19034A5620E92FB700510B3E /* ReplayKit.framework in Frameworks */ = {isa = PBXBuildFile; fileRef = 19034A4B20E92FB600510B3E /* ReplayKit.framework */; };
		19034A5820E92FB700510B3E /* UIKit.framework in Frameworks */ = {isa = PBXBuildFile; fileRef = 19034A5720E92FB700510B3E /* UIKit.framework */; };
		19034A5B20E92FB700510B3E /* BroadcastSetupViewController.swift in Sources */ = {isa = PBXBuildFile; fileRef = 19034A5A20E92FB700510B3E /* BroadcastSetupViewController.swift */; };
		19034A5F20E92FB700510B3E /* UploadExtensionSetupUI.appex in Embed App Extensions */ = {isa = PBXBuildFile; fileRef = 19034A5520E92FB700510B3E /* UploadExtensionSetupUI.appex */; settings = {ATTRIBUTES = (RemoveHeadersOnCopy, ); }; };
		19034A6220E92FB700510B3E /* UploadExtension.appex in Embed App Extensions */ = {isa = PBXBuildFile; fileRef = 19034A4920E92FB600510B3E /* UploadExtension.appex */; settings = {ATTRIBUTES = (RemoveHeadersOnCopy, ); }; };
/* End PBXBuildFile section */

/* Begin PBXContainerItemProxy section */
		19034A5D20E92FB700510B3E /* PBXContainerItemProxy */ = {
			isa = PBXContainerItemProxy;
			containerPortal = 19034A2820E9251D00510B3E /* Project object */;
			proxyType = 1;
			remoteGlobalIDString = 19034A5420E92FB700510B3E;
			remoteInfo = UploadExtensionSetupUI;
		};
		19034A6020E92FB700510B3E /* PBXContainerItemProxy */ = {
			isa = PBXContainerItemProxy;
			containerPortal = 19034A2820E9251D00510B3E /* Project object */;
			proxyType = 1;
			remoteGlobalIDString = 19034A4820E92FB600510B3E;
			remoteInfo = UploadExtension;
		};
/* End PBXContainerItemProxy section */

/* Begin PBXCopyFilesBuildPhase section */
		19034A6920E92FB700510B3E /* Embed App Extensions */ = {
			isa = PBXCopyFilesBuildPhase;
			buildActionMask = 2147483647;
			dstPath = "";
			dstSubfolderSpec = 13;
			files = (
				19034A5F20E92FB700510B3E /* UploadExtensionSetupUI.appex in Embed App Extensions */,
				19034A6220E92FB700510B3E /* UploadExtension.appex in Embed App Extensions */,
			);
			name = "Embed App Extensions";
			runOnlyForDeploymentPostprocessing = 0;
		};
/* End PBXCopyFilesBuildPhase section */

/* Begin PBXFileReference section */
		19034A3020E9251D00510B3E /* Study-ReplayKit.app */ = {isa = PBXFileReference; explicitFileType = wrapper.application; includeInIndex = 0; path = "Study-ReplayKit.app"; sourceTree = BUILT_PRODUCTS_DIR; };
		19034A3320E9251D00510B3E /* AppDelegate.swift */ = {isa = PBXFileReference; lastKnownFileType = sourcecode.swift; path = AppDelegate.swift; sourceTree = "<group>"; };
		19034A3520E9251D00510B3E /* ViewController.swift */ = {isa = PBXFileReference; lastKnownFileType = sourcecode.swift; path = ViewController.swift; sourceTree = "<group>"; };
		19034A3820E9251D00510B3E /* Base */ = {isa = PBXFileReference; lastKnownFileType = file.storyboard; name = Base; path = Base.lproj/Main.storyboard; sourceTree = "<group>"; };
		19034A3A20E9251E00510B3E /* Assets.xcassets */ = {isa = PBXFileReference; lastKnownFileType = folder.assetcatalog; path = Assets.xcassets; sourceTree = "<group>"; };
		19034A3D20E9251E00510B3E /* Base */ = {isa = PBXFileReference; lastKnownFileType = file.storyboard; name = Base; path = Base.lproj/LaunchScreen.storyboard; sourceTree = "<group>"; };
		19034A3F20E9251E00510B3E /* Info.plist */ = {isa = PBXFileReference; lastKnownFileType = text.plist.xml; path = Info.plist; sourceTree = "<group>"; };
		19034A4920E92FB600510B3E /* UploadExtension.appex */ = {isa = PBXFileReference; explicitFileType = "wrapper.app-extension"; includeInIndex = 0; path = UploadExtension.appex; sourceTree = BUILT_PRODUCTS_DIR; };
		19034A4B20E92FB600510B3E /* ReplayKit.framework */ = {isa = PBXFileReference; lastKnownFileType = wrapper.framework; name = ReplayKit.framework; path = System/Library/Frameworks/ReplayKit.framework; sourceTree = SDKROOT; };
		19034A4E20E92FB600510B3E /* SampleHandler.swift */ = {isa = PBXFileReference; lastKnownFileType = sourcecode.swift; path = SampleHandler.swift; sourceTree = "<group>"; };
		19034A5020E92FB600510B3E /* Info.plist */ = {isa = PBXFileReference; lastKnownFileType = text.plist.xml; path = Info.plist; sourceTree = "<group>"; };
		19034A5520E92FB700510B3E /* UploadExtensionSetupUI.appex */ = {isa = PBXFileReference; explicitFileType = "wrapper.app-extension"; includeInIndex = 0; path = UploadExtensionSetupUI.appex; sourceTree = BUILT_PRODUCTS_DIR; };
		19034A5720E92FB700510B3E /* UIKit.framework */ = {isa = PBXFileReference; lastKnownFileType = wrapper.framework; name = UIKit.framework; path = System/Library/Frameworks/UIKit.framework; sourceTree = SDKROOT; };
		19034A5A20E92FB700510B3E /* BroadcastSetupViewController.swift */ = {isa = PBXFileReference; lastKnownFileType = sourcecode.swift; path = BroadcastSetupViewController.swift; sourceTree = "<group>"; };
		19034A5C20E92FB700510B3E /* Info.plist */ = {isa = PBXFileReference; lastKnownFileType = text.plist.xml; path = Info.plist; sourceTree = "<group>"; };
/* End PBXFileReference section */

/* Begin PBXFrameworksBuildPhase section */
		19034A2D20E9251D00510B3E /* Frameworks */ = {
			isa = PBXFrameworksBuildPhase;
			buildActionMask = 2147483647;
			files = (
			);
			runOnlyForDeploymentPostprocessing = 0;
		};
		19034A4620E92FB600510B3E /* Frameworks */ = {
			isa = PBXFrameworksBuildPhase;
			buildActionMask = 2147483647;
			files = (
				19034A4C20E92FB600510B3E /* ReplayKit.framework in Frameworks */,
			);
			runOnlyForDeploymentPostprocessing = 0;
		};
		19034A5220E92FB700510B3E /* Frameworks */ = {
			isa = PBXFrameworksBuildPhase;
			buildActionMask = 2147483647;
			files = (
				19034A5620E92FB700510B3E /* ReplayKit.framework in Frameworks */,
				19034A5820E92FB700510B3E /* UIKit.framework in Frameworks */,
			);
			runOnlyForDeploymentPostprocessing = 0;
		};
/* End PBXFrameworksBuildPhase section */

/* Begin PBXGroup section */
		19034A2720E9251D00510B3E = {
			isa = PBXGroup;
			children = (
				19034A3220E9251D00510B3E /* Study-ReplayKit */,
				19034A4D20E92FB600510B3E /* UploadExtension */,
				19034A5920E92FB700510B3E /* UploadExtensionSetupUI */,
				19034A4A20E92FB600510B3E /* Frameworks */,
				19034A3120E9251D00510B3E /* Products */,
			);
			sourceTree = "<group>";
		};
		19034A3120E9251D00510B3E /* Products */ = {
			isa = PBXGroup;
			children = (
				19034A3020E9251D00510B3E /* Study-ReplayKit.app */,
				19034A4920E92FB600510B3E /* UploadExtension.appex */,
				19034A5520E92FB700510B3E /* UploadExtensionSetupUI.appex */,
			);
			name = Products;
			sourceTree = "<group>";
		};
		19034A3220E9251D00510B3E /* Study-ReplayKit */ = {
			isa = PBXGroup;
			children = (
				19034A3320E9251D00510B3E /* AppDelegate.swift */,
				19034A3520E9251D00510B3E /* ViewController.swift */,
				19034A3720E9251D00510B3E /* Main.storyboard */,
				19034A3A20E9251E00510B3E /* Assets.xcassets */,
				19034A3C20E9251E00510B3E /* LaunchScreen.storyboard */,
				19034A3F20E9251E00510B3E /* Info.plist */,
			);
			path = "Study-ReplayKit";
			sourceTree = "<group>";
		};
		19034A4A20E92FB600510B3E /* Frameworks */ = {
			isa = PBXGroup;
			children = (
				19034A4B20E92FB600510B3E /* ReplayKit.framework */,
				19034A5720E92FB700510B3E /* UIKit.framework */,
			);
			name = Frameworks;
			sourceTree = "<group>";
		};
		19034A4D20E92FB600510B3E /* UploadExtension */ = {
			isa = PBXGroup;
			children = (
				19034A4E20E92FB600510B3E /* SampleHandler.swift */,
				19034A5020E92FB600510B3E /* Info.plist */,
			);
			path = UploadExtension;
			sourceTree = "<group>";
		};
		19034A5920E92FB700510B3E /* UploadExtensionSetupUI */ = {
			isa = PBXGroup;
			children = (
				19034A5A20E92FB700510B3E /* BroadcastSetupViewController.swift */,
				19034A5C20E92FB700510B3E /* Info.plist */,
			);
			path = UploadExtensionSetupUI;
			sourceTree = "<group>";
		};
/* End PBXGroup section */

/* Begin PBXNativeTarget section */
		19034A2F20E9251D00510B3E /* Study-ReplayKit */ = {
			isa = PBXNativeTarget;
			buildConfigurationList = 19034A4220E9251E00510B3E /* Build configuration list for PBXNativeTarget "Study-ReplayKit" */;
			buildPhases = (
				19034A2C20E9251D00510B3E /* Sources */,
				19034A2D20E9251D00510B3E /* Frameworks */,
				19034A2E20E9251D00510B3E /* Resources */,
				19034A6920E92FB700510B3E /* Embed App Extensions */,
			);
			buildRules = (
			);
			dependencies = (
				19034A5E20E92FB700510B3E /* PBXTargetDependency */,
				19034A6120E92FB700510B3E /* PBXTargetDependency */,
			);
			name = "Study-ReplayKit";
			productName = "Study-ReplayKit";
			productReference = 19034A3020E9251D00510B3E /* Study-ReplayKit.app */;
			productType = "com.apple.product-type.application";
		};
		19034A4820E92FB600510B3E /* UploadExtension */ = {
			isa = PBXNativeTarget;
			buildConfigurationList = 19034A6820E92FB700510B3E /* Build configuration list for PBXNativeTarget "UploadExtension" */;
			buildPhases = (
				19034A4520E92FB600510B3E /* Sources */,
				19034A4620E92FB600510B3E /* Frameworks */,
				19034A4720E92FB600510B3E /* Resources */,
			);
			buildRules = (
			);
			dependencies = (
			);
			name = UploadExtension;
			productName = UploadExtension;
			productReference = 19034A4920E92FB600510B3E /* UploadExtension.appex */;
			productType = "com.apple.product-type.app-extension";
		};
		19034A5420E92FB700510B3E /* UploadExtensionSetupUI */ = {
			isa = PBXNativeTarget;
			buildConfigurationList = 19034A6720E92FB700510B3E /* Build configuration list for PBXNativeTarget "UploadExtensionSetupUI" */;
			buildPhases = (
				19034A5120E92FB700510B3E /* Sources */,
				19034A5220E92FB700510B3E /* Frameworks */,
				19034A5320E92FB700510B3E /* Resources */,
			);
			buildRules = (
			);
			dependencies = (
			);
			name = UploadExtensionSetupUI;
			productName = UploadExtensionSetupUI;
			productReference = 19034A5520E92FB700510B3E /* UploadExtensionSetupUI.appex */;
			productType = "com.apple.product-type.app-extension";
		};
/* End PBXNativeTarget section */

/* Begin PBXProject section */
		19034A2820E9251D00510B3E /* Project object */ = {
			isa = PBXProject;
			attributes = {
				LastSwiftUpdateCheck = 0940;
				LastUpgradeCheck = 0940;
				ORGANIZATIONNAME = "Takayuki Sei";
				TargetAttributes = {
					19034A2F20E9251D00510B3E = {
						CreatedOnToolsVersion = 9.4.1;
					};
					19034A4820E92FB600510B3E = {
						CreatedOnToolsVersion = 9.4.1;
					};
					19034A5420E92FB700510B3E = {
						CreatedOnToolsVersion = 9.4.1;
					};
				};
			};
			buildConfigurationList = 19034A2B20E9251D00510B3E /* Build configuration list for PBXProject "Study-ReplayKit" */;
			compatibilityVersion = "Xcode 9.3";
			developmentRegion = en;
			hasScannedForEncodings = 0;
			knownRegions = (
				en,
				Base,
			);
			mainGroup = 19034A2720E9251D00510B3E;
			productRefGroup = 19034A3120E9251D00510B3E /* Products */;
			projectDirPath = "";
			projectRoot = "";
			targets = (
				19034A2F20E9251D00510B3E /* Study-ReplayKit */,
				19034A4820E92FB600510B3E /* UploadExtension */,
				19034A5420E92FB700510B3E /* UploadExtensionSetupUI */,
			);
		};
/* End PBXProject section */

/* Begin PBXResourcesBuildPhase section */
		19034A2E20E9251D00510B3E /* Resources */ = {
			isa = PBXResourcesBuildPhase;
			buildActionMask = 2147483647;
			files = (
				19034A3E20E9251E00510B3E /* LaunchScreen.storyboard in Resources */,
				19034A3B20E9251E00510B3E /* Assets.xcassets in Resources */,
				19034A3920E9251D00510B3E /* Main.storyboard in Resources */,
			);
			runOnlyForDeploymentPostprocessing = 0;
		};
		19034A4720E92FB600510B3E /* Resources */ = {
			isa = PBXResourcesBuildPhase;
			buildActionMask = 2147483647;
			files = (
			);
			runOnlyForDeploymentPostprocessing = 0;
		};
		19034A5320E92FB700510B3E /* Resources */ = {
			isa = PBXResourcesBuildPhase;
			buildActionMask = 2147483647;
			files = (
			);
			runOnlyForDeploymentPostprocessing = 0;
		};
/* End PBXResourcesBuildPhase section */

/* Begin PBXSourcesBuildPhase section */
		19034A2C20E9251D00510B3E /* Sources */ = {
			isa = PBXSourcesBuildPhase;
			buildActionMask = 2147483647;
			files = (
				19034A3620E9251D00510B3E /* ViewController.swift in Sources */,
				19034A3420E9251D00510B3E /* AppDelegate.swift in Sources */,
			);
			runOnlyForDeploymentPostprocessing = 0;
		};
		19034A4520E92FB600510B3E /* Sources */ = {
			isa = PBXSourcesBuildPhase;
			buildActionMask = 2147483647;
			files = (
				19034A4F20E92FB600510B3E /* SampleHandler.swift in Sources */,
			);
			runOnlyForDeploymentPostprocessing = 0;
		};
		19034A5120E92FB700510B3E /* Sources */ = {
			isa = PBXSourcesBuildPhase;
			buildActionMask = 2147483647;
			files = (
				19034A5B20E92FB700510B3E /* BroadcastSetupViewController.swift in Sources */,
			);
			runOnlyForDeploymentPostprocessing = 0;
		};
/* End PBXSourcesBuildPhase section */

/* Begin PBXTargetDependency section */
		19034A5E20E92FB700510B3E /* PBXTargetDependency */ = {
			isa = PBXTargetDependency;
			target = 19034A5420E92FB700510B3E /* UploadExtensionSetupUI */;
			targetProxy = 19034A5D20E92FB700510B3E /* PBXContainerItemProxy */;
		};
		19034A6120E92FB700510B3E /* PBXTargetDependency */ = {
			isa = PBXTargetDependency;
			target = 19034A4820E92FB600510B3E /* UploadExtension */;
			targetProxy = 19034A6020E92FB700510B3E /* PBXContainerItemProxy */;
		};
/* End PBXTargetDependency section */

/* Begin PBXVariantGroup section */
		19034A3720E9251D00510B3E /* Main.storyboard */ = {
			isa = PBXVariantGroup;
			children = (
				19034A3820E9251D00510B3E /* Base */,
			);
			name = Main.storyboard;
			sourceTree = "<group>";
		};
		19034A3C20E9251E00510B3E /* LaunchScreen.storyboard */ = {
			isa = PBXVariantGroup;
			children = (
				19034A3D20E9251E00510B3E /* Base */,
			);
			name = LaunchScreen.storyboard;
			sourceTree = "<group>";
		};
/* End PBXVariantGroup section */

/* Begin XCBuildConfiguration section */
		19034A4020E9251E00510B3E /* Debug */ = {
			isa = XCBuildConfiguration;
			buildSettings = {
				ALWAYS_SEARCH_USER_PATHS = NO;
				CLANG_ANALYZER_NONNULL = YES;
				CLANG_ANALYZER_NUMBER_OBJECT_CONVERSION = YES_AGGRESSIVE;
				CLANG_CXX_LANGUAGE_STANDARD = "gnu++14";
				CLANG_CXX_LIBRARY = "libc++";
				CLANG_ENABLE_MODULES = YES;
				CLANG_ENABLE_OBJC_ARC = YES;
				CLANG_ENABLE_OBJC_WEAK = YES;
				CLANG_WARN_BLOCK_CAPTURE_AUTORELEASING = YES;
				CLANG_WARN_BOOL_CONVERSION = YES;
				CLANG_WARN_COMMA = YES;
				CLANG_WARN_CONSTANT_CONVERSION = YES;
				CLANG_WARN_DEPRECATED_OBJC_IMPLEMENTATIONS = YES;
				CLANG_WARN_DIRECT_OBJC_ISA_USAGE = YES_ERROR;
				CLANG_WARN_DOCUMENTATION_COMMENTS = YES;
				CLANG_WARN_EMPTY_BODY = YES;
				CLANG_WARN_ENUM_CONVERSION = YES;
				CLANG_WARN_INFINITE_RECURSION = YES;
				CLANG_WARN_INT_CONVERSION = YES;
				CLANG_WARN_NON_LITERAL_NULL_CONVERSION = YES;
				CLANG_WARN_OBJC_IMPLICIT_RETAIN_SELF = YES;
				CLANG_WARN_OBJC_LITERAL_CONVERSION = YES;
				CLANG_WARN_OBJC_ROOT_CLASS = YES_ERROR;
				CLANG_WARN_RANGE_LOOP_ANALYSIS = YES;
				CLANG_WARN_STRICT_PROTOTYPES = YES;
				CLANG_WARN_SUSPICIOUS_MOVE = YES;
				CLANG_WARN_UNGUARDED_AVAILABILITY = YES_AGGRESSIVE;
				CLANG_WARN_UNREACHABLE_CODE = YES;
				CLANG_WARN__DUPLICATE_METHOD_MATCH = YES;
				CODE_SIGN_IDENTITY = "iPhone Developer";
				COPY_PHASE_STRIP = NO;
				DEBUG_INFORMATION_FORMAT = dwarf;
				ENABLE_STRICT_OBJC_MSGSEND = YES;
				ENABLE_TESTABILITY = YES;
				GCC_C_LANGUAGE_STANDARD = gnu11;
				GCC_DYNAMIC_NO_PIC = NO;
				GCC_NO_COMMON_BLOCKS = YES;
				GCC_OPTIMIZATION_LEVEL = 0;
				GCC_PREPROCESSOR_DEFINITIONS = (
					"DEBUG=1",
					"$(inherited)",
				);
				GCC_WARN_64_TO_32_BIT_CONVERSION = YES;
				GCC_WARN_ABOUT_RETURN_TYPE = YES_ERROR;
				GCC_WARN_UNDECLARED_SELECTOR = YES;
				GCC_WARN_UNINITIALIZED_AUTOS = YES_AGGRESSIVE;
				GCC_WARN_UNUSED_FUNCTION = YES;
				GCC_WARN_UNUSED_VARIABLE = YES;
				IPHONEOS_DEPLOYMENT_TARGET = 11.4;
				MTL_ENABLE_DEBUG_INFO = YES;
				ONLY_ACTIVE_ARCH = YES;
				SDKROOT = iphoneos;
				SWIFT_ACTIVE_COMPILATION_CONDITIONS = DEBUG;
				SWIFT_OPTIMIZATION_LEVEL = "-Onone";
			};
			name = Debug;
		};
		19034A4120E9251E00510B3E /* Release */ = {
			isa = XCBuildConfiguration;
			buildSettings = {
				ALWAYS_SEARCH_USER_PATHS = NO;
				CLANG_ANALYZER_NONNULL = YES;
				CLANG_ANALYZER_NUMBER_OBJECT_CONVERSION = YES_AGGRESSIVE;
				CLANG_CXX_LANGUAGE_STANDARD = "gnu++14";
				CLANG_CXX_LIBRARY = "libc++";
				CLANG_ENABLE_MODULES = YES;
				CLANG_ENABLE_OBJC_ARC = YES;
				CLANG_ENABLE_OBJC_WEAK = YES;
				CLANG_WARN_BLOCK_CAPTURE_AUTORELEASING = YES;
				CLANG_WARN_BOOL_CONVERSION = YES;
				CLANG_WARN_COMMA = YES;
				CLANG_WARN_CONSTANT_CONVERSION = YES;
				CLANG_WARN_DEPRECATED_OBJC_IMPLEMENTATIONS = YES;
				CLANG_WARN_DIRECT_OBJC_ISA_USAGE = YES_ERROR;
				CLANG_WARN_DOCUMENTATION_COMMENTS = YES;
				CLANG_WARN_EMPTY_BODY = YES;
				CLANG_WARN_ENUM_CONVERSION = YES;
				CLANG_WARN_INFINITE_RECURSION = YES;
				CLANG_WARN_INT_CONVERSION = YES;
				CLANG_WARN_NON_LITERAL_NULL_CONVERSION = YES;
				CLANG_WARN_OBJC_IMPLICIT_RETAIN_SELF = YES;
				CLANG_WARN_OBJC_LITERAL_CONVERSION = YES;
				CLANG_WARN_OBJC_ROOT_CLASS = YES_ERROR;
				CLANG_WARN_RANGE_LOOP_ANALYSIS = YES;
				CLANG_WARN_STRICT_PROTOTYPES = YES;
				CLANG_WARN_SUSPICIOUS_MOVE = YES;
				CLANG_WARN_UNGUARDED_AVAILABILITY = YES_AGGRESSIVE;
				CLANG_WARN_UNREACHABLE_CODE = YES;
				CLANG_WARN__DUPLICATE_METHOD_MATCH = YES;
				CODE_SIGN_IDENTITY = "iPhone Developer";
				COPY_PHASE_STRIP = NO;
				DEBUG_INFORMATION_FORMAT = "dwarf-with-dsym";
				ENABLE_NS_ASSERTIONS = NO;
				ENABLE_STRICT_OBJC_MSGSEND = YES;
				GCC_C_LANGUAGE_STANDARD = gnu11;
				GCC_NO_COMMON_BLOCKS = YES;
				GCC_WARN_64_TO_32_BIT_CONVERSION = YES;
				GCC_WARN_ABOUT_RETURN_TYPE = YES_ERROR;
				GCC_WARN_UNDECLARED_SELECTOR = YES;
				GCC_WARN_UNINITIALIZED_AUTOS = YES_AGGRESSIVE;
				GCC_WARN_UNUSED_FUNCTION = YES;
				GCC_WARN_UNUSED_VARIABLE = YES;
				IPHONEOS_DEPLOYMENT_TARGET = 11.4;
				MTL_ENABLE_DEBUG_INFO = NO;
				SDKROOT = iphoneos;
				SWIFT_COMPILATION_MODE = wholemodule;
				SWIFT_OPTIMIZATION_LEVEL = "-O";
				VALIDATE_PRODUCT = YES;
			};
			name = Release;
		};
		19034A4320E9251E00510B3E /* Debug */ = {
			isa = XCBuildConfiguration;
			buildSettings = {
				ALWAYS_EMBED_SWIFT_STANDARD_LIBRARIES = YES;
				ASSETCATALOG_COMPILER_APPICON_NAME = AppIcon;
				CODE_SIGN_STYLE = Automatic;
				DEVELOPMENT_TEAM = FRJG63497R;
				INFOPLIST_FILE = "Study-ReplayKit/Info.plist";
				LD_RUNPATH_SEARCH_PATHS = (
					"$(inherited)",
					"@executable_path/Frameworks",
				);
				PRODUCT_BUNDLE_IDENTIFIER = "com.daybysay.Study-ReplayKit";
				PRODUCT_NAME = "$(TARGET_NAME)";
				SWIFT_VERSION = 4.0;
				TARGETED_DEVICE_FAMILY = "1,2";
			};
			name = Debug;
		};
		19034A4420E9251E00510B3E /* Release */ = {
			isa = XCBuildConfiguration;
			buildSettings = {
				ALWAYS_EMBED_SWIFT_STANDARD_LIBRARIES = YES;
				ASSETCATALOG_COMPILER_APPICON_NAME = AppIcon;
				CODE_SIGN_STYLE = Automatic;
				DEVELOPMENT_TEAM = FRJG63497R;
				INFOPLIST_FILE = "Study-ReplayKit/Info.plist";
				LD_RUNPATH_SEARCH_PATHS = (
					"$(inherited)",
					"@executable_path/Frameworks",
				);
				PRODUCT_BUNDLE_IDENTIFIER = "com.daybysay.Study-ReplayKit";
				PRODUCT_NAME = "$(TARGET_NAME)";
				SWIFT_VERSION = 4.0;
				TARGETED_DEVICE_FAMILY = "1,2";
			};
			name = Release;
		};
		19034A6320E92FB700510B3E /* Debug */ = {
			isa = XCBuildConfiguration;
			buildSettings = {
				CODE_SIGN_STYLE = Automatic;
				DEVELOPMENT_TEAM = FRJG63497R;
				INFOPLIST_FILE = UploadExtension/Info.plist;
				LD_RUNPATH_SEARCH_PATHS = (
					"$(inherited)",
					"@executable_path/Frameworks",
					"@executable_path/../../Frameworks",
				);
				PRODUCT_BUNDLE_IDENTIFIER = "com.daybysay.Study-ReplayKit.UploadExtension";
				PRODUCT_NAME = "$(TARGET_NAME)";
				SKIP_INSTALL = YES;
				SWIFT_VERSION = 4.0;
				TARGETED_DEVICE_FAMILY = "1,2";
			};
			name = Debug;
		};
		19034A6420E92FB700510B3E /* Release */ = {
			isa = XCBuildConfiguration;
			buildSettings = {
				CODE_SIGN_STYLE = Automatic;
				DEVELOPMENT_TEAM = FRJG63497R;
				INFOPLIST_FILE = UploadExtension/Info.plist;
				LD_RUNPATH_SEARCH_PATHS = (
					"$(inherited)",
					"@executable_path/Frameworks",
					"@executable_path/../../Frameworks",
				);
				PRODUCT_BUNDLE_IDENTIFIER = "com.daybysay.Study-ReplayKit.UploadExtension";
				PRODUCT_NAME = "$(TARGET_NAME)";
				SKIP_INSTALL = YES;
				SWIFT_VERSION = 4.0;
				TARGETED_DEVICE_FAMILY = "1,2";
			};
			name = Release;
		};
		19034A6520E92FB700510B3E /* Debug */ = {
			isa = XCBuildConfiguration;
			buildSettings = {
				CODE_SIGN_STYLE = Automatic;
				DEVELOPMENT_TEAM = FRJG63497R;
				INFOPLIST_FILE = UploadExtensionSetupUI/Info.plist;
				LD_RUNPATH_SEARCH_PATHS = (
					"$(inherited)",
					"@executable_path/Frameworks",
					"@executable_path/../../Frameworks",
				);
				PRODUCT_BUNDLE_IDENTIFIER = "com.daybysay.Study-ReplayKit.UploadExtensionSetupUI";
				PRODUCT_NAME = "$(TARGET_NAME)";
				SKIP_INSTALL = YES;
				SWIFT_VERSION = 4.0;
				TARGETED_DEVICE_FAMILY = "1,2";
			};
			name = Debug;
		};
		19034A6620E92FB700510B3E /* Release */ = {
			isa = XCBuildConfiguration;
			buildSettings = {
				CODE_SIGN_STYLE = Automatic;
				DEVELOPMENT_TEAM = FRJG63497R;
				INFOPLIST_FILE = UploadExtensionSetupUI/Info.plist;
				LD_RUNPATH_SEARCH_PATHS = (
					"$(inherited)",
					"@executable_path/Frameworks",
					"@executable_path/../../Frameworks",
				);
				PRODUCT_BUNDLE_IDENTIFIER = "com.daybysay.Study-ReplayKit.UploadExtensionSetupUI";
				PRODUCT_NAME = "$(TARGET_NAME)";
				SKIP_INSTALL = YES;
				SWIFT_VERSION = 4.0;
				TARGETED_DEVICE_FAMILY = "1,2";
			};
			name = Release;
		};
/* End XCBuildConfiguration section */

/* Begin XCConfigurationList section */
		19034A2B20E9251D00510B3E /* Build configuration list for PBXProject "Study-ReplayKit" */ = {
			isa = XCConfigurationList;
			buildConfigurations = (
				19034A4020E9251E00510B3E /* Debug */,
				19034A4120E9251E00510B3E /* Release */,
			);
			defaultConfigurationIsVisible = 0;
			defaultConfigurationName = Release;
		};
		19034A4220E9251E00510B3E /* Build configuration list for PBXNativeTarget "Study-ReplayKit" */ = {
			isa = XCConfigurationList;
			buildConfigurations = (
				19034A4320E9251E00510B3E /* Debug */,
				19034A4420E9251E00510B3E /* Release */,
			);
			defaultConfigurationIsVisible = 0;
			defaultConfigurationName = Release;
		};
		19034A6720E92FB700510B3E /* Build configuration list for PBXNativeTarget "UploadExtensionSetupUI" */ = {
			isa = XCConfigurationList;
			buildConfigurations = (
				19034A6520E92FB700510B3E /* Debug */,
				19034A6620E92FB700510B3E /* Release */,
			);
			defaultConfigurationIsVisible = 0;
			defaultConfigurationName = Release;
		};
		19034A6820E92FB700510B3E /* Build configuration list for PBXNativeTarget "UploadExtension" */ = {
			isa = XCConfigurationList;
			buildConfigurations = (
				19034A6320E92FB700510B3E /* Debug */,
				19034A6420E92FB700510B3E /* Release */,
			);
			defaultConfigurationIsVisible = 0;
			defaultConfigurationName = Release;
		};
/* End XCConfigurationList section */
	};
	rootObject = 19034A2820E9251D00510B3E /* Project object */;
}
